
Microsoft Visual Studio Solution File, Format Version 12.00
# Visual Studio Version 17
VisualStudioVersion = 17.5.002.0
MinimumVisualStudioVersion = 10.0.40219.1
Project("{9A19103F-16F7-4668-BE54-9A1E7A4F7556}") = "Task00", "Task00\Task00.csproj", "{F73C5C57-D15A-436F-965F-1662EAF6F94A}"
EndProject
Project("{9A19103F-16F7-4668-BE54-9A1E7A4F7556}") = "Task01", "Task01\Task01.csproj", "{6ACB6B45-320D-4CCD-B630-3BD91C5E3D12}"
EndProject
Project("{9A19103F-16F7-4668-BE54-9A1E7A4F7556}") = "Task02", "Task02\Task02.csproj", "{56178AAD-C870-43E9-A9BF-6D4D1BC0CD9B}"
EndProject
Project("{9A19103F-16F7-4668-BE54-9A1E7A4F7556}") = "Task03", "Task03\Task03.csproj", "{B4ECCAFD-740F-4748-A7B2-95DA9AEB591D}"
EndProject
Project("{9A19103F-16F7-4668-BE54-9A1E7A4F7556}") = "Task04", "Task04\Task04.csproj", "{4A4C61A2-8FE6-4265-AFA2-51683552C7D4}"
EndProject
Project("{9A19103F-16F7-4668-BE54-9A1E7A4F7556}") = "Task05", "Task05\Task05.csproj", "{5CAA04F6-EDDB-4958-9223-1DC92C1A3FE7}"
EndProject
Project("{9A19103F-16F7-4668-BE54-9A1E7A4F7556}") = "Task06", "Task06\Task06.csproj", "{266F596F-5AD2-4FDE-946F-26F725A02EED}"
EndProject
Project("{9A19103F-16F7-4668-BE54-9A1E7A4F7556}") = "Task07", "Task07\Task07.csproj", "{44789BF6-07CD-4BD5-B353-29318C1C5E2E}"
EndProject
Project("{9A19103F-16F7-4668-BE54-9A1E7A4F7556}") = "Task08", "Task08\Task08.csproj", "{D5FBE960-C79F-4ED3-A49F-FB6058010B13}"
EndProject
Project("{9A19103F-16F7-4668-BE54-9A1E7A4F7556}") = "Task09", "Task09\Task09.csproj", "{FA996403-2A40-4E00-8747-9B4B185AF1BF}"
EndProject
Project("{9A19103F-16F7-4668-BE54-9A1E7A4F7556}") = "Task10", "Task10\Task10.csproj", "{638AB6FA-0F32-42C9-8811-3235C7472BE6}"
EndProject
Project("{9A19103F-16F7-4668-BE54-9A1E7A4F7556}") = "Task11", "Task11\Task11.csproj", "{727E1635-A904-4680-BD22-5CFA6D7A1CDF}"
EndProject
Project("{9A19103F-16F7-4668-BE54-9A1E7A4F7556}") = "Task12", "Task12\Task12.csproj", "{A70DD780-A135-46B8-91DA-618036310016}"
EndProject
Project("{9A19103F-16F7-4668-BE54-9A1E7A4F7556}") = "Task13", "Task13\Task13.csproj", "{4E6F3B2F-73E9-43A7-A9C7-F538A4FA5106}"
EndProject
Project("{9A19103F-16F7-4668-BE54-9A1E7A4F7556}") = "Task14", "Task14\Task14.csproj", "{A2D35520-1457-411B-BFD4-A53A4BBE48BB}"
EndProject
Project("{9A19103F-16F7-4668-BE54-9A1E7A4F7556}") = "Task15", "Task15\Task15.csproj", "{467CFAA3-A045-469F-8B4A-072AC0D57ED6}"
EndProject
Project("{9A19103F-16F7-4668-BE54-9A1E7A4F7556}") = "Task16", "Task16\Task16.csproj", "{A94DD9DE-CE38-49A6-A8C9-7926206FDD2D}"
EndProject
Project("{9A19103F-16F7-4668-BE54-9A1E7A4F7556}") = "Task17", "Task17\Task17.csproj", "{88D4E0FD-4CE6-46DE-B31F-B433CEEA67EF}"
EndProject
Project("{9A19103F-16F7-4668-BE54-9A1E7A4F7556}") = "Task18", "Task18\Task18.csproj", "{E59EDC0A-92A2-42A9-A7DE-8A452B2F9CB7}"
EndProject
Project("{9A19103F-16F7-4668-BE54-9A1E7A4F7556}") = "Task19", "Task19\Task19.csproj", "{7DB13463-9353-492E-981F-A18AEBE35E63}"
EndProject
Project("{9A19103F-16F7-4668-BE54-9A1E7A4F7556}") = "Task20", "Task20\Task20.csproj", "{22122C71-698C-4747-883D-BE49EAB3EF21}"
EndProject
Project("{9A19103F-16F7-4668-BE54-9A1E7A4F7556}") = "Task21", "Task21\Task21.csproj", "{B26535D7-168E-406F-8ED9-F454AA8DED1D}"
EndProject
Project("{9A19103F-16F7-4668-BE54-9A1E7A4F7556}") = "Task22", "Task22\Task22.csproj", "{96D7EF5A-D641-44D3-ADA5-BF342F5E5708}"
EndProject
Project("{9A19103F-16F7-4668-BE54-9A1E7A4F7556}") = "Task23", "Task23\Task23.csproj", "{09C45E0F-F41B-45D5-9884-637C071214DE}"
EndProject
Project("{9A19103F-16F7-4668-BE54-9A1E7A4F7556}") = "Task24", "Task24\Task24.csproj", "{B189C126-7216-4EF4-98F9-E41CF0E63C5A}"
EndProject
Project("{9A19103F-16F7-4668-BE54-9A1E7A4F7556}") = "Task25", "Task25\Task25.csproj", "{F40ACF6A-E4F0-42BB-9E9A-92F0B966E7C1}"
EndProject
Project("{9A19103F-16F7-4668-BE54-9A1E7A4F7556}") = "Task26", "Task26\Task26.csproj", "{D6494C15-ABE4-4F07-B557-6055CE5CF9DD}"
EndProject
Project("{9A19103F-16F7-4668-BE54-9A1E7A4F7556}") = "Task27", "Task27\Task27.csproj", "{C3D64141-1878-47FF-A33E-BC8CCA944F49}"
EndProject
Project("{9A19103F-16F7-4668-BE54-9A1E7A4F7556}") = "Task28", "Task28\Task28.csproj", "{2E2C77B5-1DA0-429D-878F-96ABCC2CE3A5}"
EndProject
Project("{9A19103F-16F7-4668-BE54-9A1E7A4F7556}") = "Task29", "Task29\Task29.csproj", "{88441B8A-1EC4-4750-8CA8-52B6E1A7FB8A}"
EndProject
Project("{9A19103F-16F7-4668-BE54-9A1E7A4F7556}") = "Task30", "Task30\Task30.csproj", "{0E4CF3F6-0688-45F9-A5F5-37D6749BFB75}"
EndProject
Project("{9A19103F-16F7-4668-BE54-9A1E7A4F7556}") = "Task31", "Task31\Task31.csproj", "{E19791B7-C090-45EE-8134-8FDE82B8D4A2}"
EndProject
Project("{9A19103F-16F7-4668-BE54-9A1E7A4F7556}") = "Task32", "Task32\Task32.csproj", "{6F641CEC-F9AE-4205-8D64-FBF2AF0CA2D9}"
EndProject
Project("{9A19103F-16F7-4668-BE54-9A1E7A4F7556}") = "Task33", "Task33\Task33.csproj", "{837FD1A0-CFEC-413C-A572-6E50BC75E93D}"
EndProject
Project("{9A19103F-16F7-4668-BE54-9A1E7A4F7556}") = "Task34", "Task34\Task34.csproj", "{969D4D90-CEAE-4496-99D4-2889783DF964}"
EndProject
Project("{9A19103F-16F7-4668-BE54-9A1E7A4F7556}") = "Task36", "Task36\Task36.csproj", "{957FE0EF-56C3-4FD0-A39C-A841BE73A82F}"
EndProject
Project("{9A19103F-16F7-4668-BE54-9A1E7A4F7556}") = "Task37", "Task37\Task37.csproj", "{388C7366-DAAA-49F9-8CA0-6B6D0B0901AA}"
EndProject
Project("{9A19103F-16F7-4668-BE54-9A1E7A4F7556}") = "Task38", "Task38\Task38.csproj", "{615C9818-97D3-49FA-BC47-574110C6BB6B}"
EndProject
Project("{9A19103F-16F7-4668-BE54-9A1E7A4F7556}") = "Task39", "Task39\Task39.csproj", "{70DE4AFD-5FB0-4409-8923-5451B4A9D895}"
EndProject
Project("{9A19103F-16F7-4668-BE54-9A1E7A4F7556}") = "Task40", "Task40\Task40.csproj", "{5670147F-06A9-4014-A7EA-CE4846B7E3E2}"
EndProject
Project("{9A19103F-16F7-4668-BE54-9A1E7A4F7556}") = "Task41", "Task41\Task41.csproj", "{FC4CD356-2D62-4854-88B1-C2548023FF8A}"
EndProject
Project("{9A19103F-16F7-4668-BE54-9A1E7A4F7556}") = "Task42", "Task42\Task42.csproj", "{24693A91-472F-4994-B36F-88F018E1224C}"
EndProject
Project("{9A19103F-16F7-4668-BE54-9A1E7A4F7556}") = "Task43", "Task43\Task43.csproj", "{42CED01C-A4E6-40BD-82DE-F4FEE4E8FAF9}"
EndProject
Project("{9A19103F-16F7-4668-BE54-9A1E7A4F7556}") = "Task44", "Task44\Task44.csproj", "{CBAD7207-FC3D-4406-98CC-3F504F166BC5}"
EndProject
Project("{9A19103F-16F7-4668-BE54-9A1E7A4F7556}") = "Task45", "Task45\Task45.csproj", "{A75DB5FF-3598-4465-AFE4-B3A53EA0E520}"
EndProject
Project("{9A19103F-16F7-4668-BE54-9A1E7A4F7556}") = "Task46", "Task46\Task46.csproj", "{765F838F-69DA-4267-AF83-C5039265903C}"
EndProject
Project("{9A19103F-16F7-4668-BE54-9A1E7A4F7556}") = "Task47", "Task47\Task47.csproj", "{25CFDCA1-1490-4DA5-92DE-0778E4D35349}"
EndProject
Project("{9A19103F-16F7-4668-BE54-9A1E7A4F7556}") = "Task48", "Task48\Task48.csproj", "{F4CC0503-D784-42B9-979A-A745E742E915}"
EndProject
Project("{9A19103F-16F7-4668-BE54-9A1E7A4F7556}") = "Task49", "Task49\Task49.csproj", "{32B29F0F-7382-4AC9-A29A-B5F8B88B70E7}"
EndProject
Project("{9A19103F-16F7-4668-BE54-9A1E7A4F7556}") = "Task50", "Task50\Task50.csproj", "{9F06DFC4-85D2-4B95-9BC6-AEEFB497F86A}"
EndProject
Project("{9A19103F-16F7-4668-BE54-9A1E7A4F7556}") = "Task51", "Task51\Task51.csproj", "{09228310-9C77-42EB-8BFD-86AA882E03C2}"
EndProject
Project("{9A19103F-16F7-4668-BE54-9A1E7A4F7556}") = "Task52", "Task52\Task52.csproj", "{40B6F8AB-9C84-4B32-88EB-2FBB488288B3}"
EndProject
Project("{9A19103F-16F7-4668-BE54-9A1E7A4F7556}") = "Task53", "Task53\Task53.csproj", "{6A7DE6CE-2A45-405A-A534-B45F7E4D02D5}"
EndProject
Project("{9A19103F-16F7-4668-BE54-9A1E7A4F7556}") = "Task54", "Task54\Task54.csproj", "{C5706D40-6CE1-44FA-BA80-21A26083DF91}"
EndProject
Project("{9A19103F-16F7-4668-BE54-9A1E7A4F7556}") = "Task55", "Task55\Task55.csproj", "{2595B338-34C6-44A6-935B-3A7965F6DCE0}"
EndProject
Project("{9A19103F-16F7-4668-BE54-9A1E7A4F7556}") = "Task56", "Task56\Task56.csproj", "{72802AC0-BCBF-4B8F-AF3A-3A539803D9A9}"
EndProject
Project("{9A19103F-16F7-4668-BE54-9A1E7A4F7556}") = "Task57", "Task57\Task57.csproj", "{DDA29354-5D4C-4C85-881E-89B7B0B80654}"
EndProject
Project("{9A19103F-16F7-4668-BE54-9A1E7A4F7556}") = "Task58", "Task58\Task58.csproj", "{BB0FD2EB-446A-41E2-B7A3-E6A0131E82C9}"
EndProject
Project("{9A19103F-16F7-4668-BE54-9A1E7A4F7556}") = "Task59", "Task59\Task59.csproj", "{CD626660-88D2-48C0-A316-B20E923CECA3}"
EndProject
Project("{9A19103F-16F7-4668-BE54-9A1E7A4F7556}") = "Task60", "Task60\Task60.csproj", "{63837049-9A39-4D8A-963C-40EA38BBAA3F}"
EndProject
Project("{9A19103F-16F7-4668-BE54-9A1E7A4F7556}") = "Task63", "Task63\Task63.csproj", "{EB11C2FF-1D0F-4F1B-9A26-07A3C7DB6F03}"
EndProject
Project("{9A19103F-16F7-4668-BE54-9A1E7A4F7556}") = "Task64", "Task64\Task64.csproj", "{6BF1466A-5FF2-4436-B3E3-21CB4750270F}"
EndProject
Project("{9A19103F-16F7-4668-BE54-9A1E7A4F7556}") = "Task65", "Task65\Task65.csproj", "{C7B18D7D-170C-45EF-B638-F24982A6F0E5}"
EndProject
Project("{9A19103F-16F7-4668-BE54-9A1E7A4F7556}") = "Task67", "Task67\Task67.csproj", "{88FE31A9-CA59-4131-B999-5A3979753E46}"
EndProject
Project("{9A19103F-16F7-4668-BE54-9A1E7A4F7556}") = "Task69", "Task69\Task69.csproj", "{4326CC16-9D6C-43C4-B667-F1EF502A0F6D}"
EndProject
Global
	GlobalSection(SolutionConfigurationPlatforms) = preSolution
		Debug|Any CPU = Debug|Any CPU
		Release|Any CPU = Release|Any CPU
	EndGlobalSection
	GlobalSection(ProjectConfigurationPlatforms) = postSolution
		{F73C5C57-D15A-436F-965F-1662EAF6F94A}.Debug|Any CPU.ActiveCfg = Debug|Any CPU
		{F73C5C57-D15A-436F-965F-1662EAF6F94A}.Debug|Any CPU.Build.0 = Debug|Any CPU
		{F73C5C57-D15A-436F-965F-1662EAF6F94A}.Release|Any CPU.ActiveCfg = Release|Any CPU
		{F73C5C57-D15A-436F-965F-1662EAF6F94A}.Release|Any CPU.Build.0 = Release|Any CPU
		{6ACB6B45-320D-4CCD-B630-3BD91C5E3D12}.Debug|Any CPU.ActiveCfg = Debug|Any CPU
		{6ACB6B45-320D-4CCD-B630-3BD91C5E3D12}.Debug|Any CPU.Build.0 = Debug|Any CPU
		{6ACB6B45-320D-4CCD-B630-3BD91C5E3D12}.Release|Any CPU.ActiveCfg = Release|Any CPU
		{6ACB6B45-320D-4CCD-B630-3BD91C5E3D12}.Release|Any CPU.Build.0 = Release|Any CPU
		{56178AAD-C870-43E9-A9BF-6D4D1BC0CD9B}.Debug|Any CPU.ActiveCfg = Debug|Any CPU
		{56178AAD-C870-43E9-A9BF-6D4D1BC0CD9B}.Debug|Any CPU.Build.0 = Debug|Any CPU
		{56178AAD-C870-43E9-A9BF-6D4D1BC0CD9B}.Release|Any CPU.ActiveCfg = Release|Any CPU
		{56178AAD-C870-43E9-A9BF-6D4D1BC0CD9B}.Release|Any CPU.Build.0 = Release|Any CPU
		{B4ECCAFD-740F-4748-A7B2-95DA9AEB591D}.Debug|Any CPU.ActiveCfg = Debug|Any CPU
		{B4ECCAFD-740F-4748-A7B2-95DA9AEB591D}.Debug|Any CPU.Build.0 = Debug|Any CPU
		{B4ECCAFD-740F-4748-A7B2-95DA9AEB591D}.Release|Any CPU.ActiveCfg = Release|Any CPU
		{B4ECCAFD-740F-4748-A7B2-95DA9AEB591D}.Release|Any CPU.Build.0 = Release|Any CPU
		{4A4C61A2-8FE6-4265-AFA2-51683552C7D4}.Debug|Any CPU.ActiveCfg = Debug|Any CPU
		{4A4C61A2-8FE6-4265-AFA2-51683552C7D4}.Debug|Any CPU.Build.0 = Debug|Any CPU
		{4A4C61A2-8FE6-4265-AFA2-51683552C7D4}.Release|Any CPU.ActiveCfg = Release|Any CPU
		{4A4C61A2-8FE6-4265-AFA2-51683552C7D4}.Release|Any CPU.Build.0 = Release|Any CPU
		{5CAA04F6-EDDB-4958-9223-1DC92C1A3FE7}.Debug|Any CPU.ActiveCfg = Debug|Any CPU
		{5CAA04F6-EDDB-4958-9223-1DC92C1A3FE7}.Debug|Any CPU.Build.0 = Debug|Any CPU
		{5CAA04F6-EDDB-4958-9223-1DC92C1A3FE7}.Release|Any CPU.ActiveCfg = Release|Any CPU
		{5CAA04F6-EDDB-4958-9223-1DC92C1A3FE7}.Release|Any CPU.Build.0 = Release|Any CPU
		{266F596F-5AD2-4FDE-946F-26F725A02EED}.Debug|Any CPU.ActiveCfg = Debug|Any CPU
		{266F596F-5AD2-4FDE-946F-26F725A02EED}.Debug|Any CPU.Build.0 = Debug|Any CPU
		{266F596F-5AD2-4FDE-946F-26F725A02EED}.Release|Any CPU.ActiveCfg = Release|Any CPU
		{266F596F-5AD2-4FDE-946F-26F725A02EED}.Release|Any CPU.Build.0 = Release|Any CPU
		{44789BF6-07CD-4BD5-B353-29318C1C5E2E}.Debug|Any CPU.ActiveCfg = Debug|Any CPU
		{44789BF6-07CD-4BD5-B353-29318C1C5E2E}.Debug|Any CPU.Build.0 = Debug|Any CPU
		{44789BF6-07CD-4BD5-B353-29318C1C5E2E}.Release|Any CPU.ActiveCfg = Release|Any CPU
		{44789BF6-07CD-4BD5-B353-29318C1C5E2E}.Release|Any CPU.Build.0 = Release|Any CPU
		{D5FBE960-C79F-4ED3-A49F-FB6058010B13}.Debug|Any CPU.ActiveCfg = Debug|Any CPU
		{D5FBE960-C79F-4ED3-A49F-FB6058010B13}.Debug|Any CPU.Build.0 = Debug|Any CPU
		{D5FBE960-C79F-4ED3-A49F-FB6058010B13}.Release|Any CPU.ActiveCfg = Release|Any CPU
		{D5FBE960-C79F-4ED3-A49F-FB6058010B13}.Release|Any CPU.Build.0 = Release|Any CPU
		{FA996403-2A40-4E00-8747-9B4B185AF1BF}.Debug|Any CPU.ActiveCfg = Debug|Any CPU
		{FA996403-2A40-4E00-8747-9B4B185AF1BF}.Debug|Any CPU.Build.0 = Debug|Any CPU
		{FA996403-2A40-4E00-8747-9B4B185AF1BF}.Release|Any CPU.ActiveCfg = Release|Any CPU
		{FA996403-2A40-4E00-8747-9B4B185AF1BF}.Release|Any CPU.Build.0 = Release|Any CPU
		{638AB6FA-0F32-42C9-8811-3235C7472BE6}.Debug|Any CPU.ActiveCfg = Debug|Any CPU
		{638AB6FA-0F32-42C9-8811-3235C7472BE6}.Debug|Any CPU.Build.0 = Debug|Any CPU
		{638AB6FA-0F32-42C9-8811-3235C7472BE6}.Release|Any CPU.ActiveCfg = Release|Any CPU
		{638AB6FA-0F32-42C9-8811-3235C7472BE6}.Release|Any CPU.Build.0 = Release|Any CPU
		{727E1635-A904-4680-BD22-5CFA6D7A1CDF}.Debug|Any CPU.ActiveCfg = Debug|Any CPU
		{727E1635-A904-4680-BD22-5CFA6D7A1CDF}.Debug|Any CPU.Build.0 = Debug|Any CPU
		{727E1635-A904-4680-BD22-5CFA6D7A1CDF}.Release|Any CPU.ActiveCfg = Release|Any CPU
		{727E1635-A904-4680-BD22-5CFA6D7A1CDF}.Release|Any CPU.Build.0 = Release|Any CPU
		{A70DD780-A135-46B8-91DA-618036310016}.Debug|Any CPU.ActiveCfg = Debug|Any CPU
		{A70DD780-A135-46B8-91DA-618036310016}.Debug|Any CPU.Build.0 = Debug|Any CPU
		{A70DD780-A135-46B8-91DA-618036310016}.Release|Any CPU.ActiveCfg = Release|Any CPU
		{A70DD780-A135-46B8-91DA-618036310016}.Release|Any CPU.Build.0 = Release|Any CPU
		{4E6F3B2F-73E9-43A7-A9C7-F538A4FA5106}.Debug|Any CPU.ActiveCfg = Debug|Any CPU
		{4E6F3B2F-73E9-43A7-A9C7-F538A4FA5106}.Debug|Any CPU.Build.0 = Debug|Any CPU
		{4E6F3B2F-73E9-43A7-A9C7-F538A4FA5106}.Release|Any CPU.ActiveCfg = Release|Any CPU
		{4E6F3B2F-73E9-43A7-A9C7-F538A4FA5106}.Release|Any CPU.Build.0 = Release|Any CPU
		{A2D35520-1457-411B-BFD4-A53A4BBE48BB}.Debug|Any CPU.ActiveCfg = Debug|Any CPU
		{A2D35520-1457-411B-BFD4-A53A4BBE48BB}.Debug|Any CPU.Build.0 = Debug|Any CPU
		{A2D35520-1457-411B-BFD4-A53A4BBE48BB}.Release|Any CPU.ActiveCfg = Release|Any CPU
		{A2D35520-1457-411B-BFD4-A53A4BBE48BB}.Release|Any CPU.Build.0 = Release|Any CPU
		{467CFAA3-A045-469F-8B4A-072AC0D57ED6}.Debug|Any CPU.ActiveCfg = Debug|Any CPU
		{467CFAA3-A045-469F-8B4A-072AC0D57ED6}.Debug|Any CPU.Build.0 = Debug|Any CPU
		{467CFAA3-A045-469F-8B4A-072AC0D57ED6}.Release|Any CPU.ActiveCfg = Release|Any CPU
		{467CFAA3-A045-469F-8B4A-072AC0D57ED6}.Release|Any CPU.Build.0 = Release|Any CPU
		{A94DD9DE-CE38-49A6-A8C9-7926206FDD2D}.Debug|Any CPU.ActiveCfg = Debug|Any CPU
		{A94DD9DE-CE38-49A6-A8C9-7926206FDD2D}.Debug|Any CPU.Build.0 = Debug|Any CPU
		{A94DD9DE-CE38-49A6-A8C9-7926206FDD2D}.Release|Any CPU.ActiveCfg = Release|Any CPU
		{A94DD9DE-CE38-49A6-A8C9-7926206FDD2D}.Release|Any CPU.Build.0 = Release|Any CPU
		{88D4E0FD-4CE6-46DE-B31F-B433CEEA67EF}.Debug|Any CPU.ActiveCfg = Debug|Any CPU
		{88D4E0FD-4CE6-46DE-B31F-B433CEEA67EF}.Debug|Any CPU.Build.0 = Debug|Any CPU
		{88D4E0FD-4CE6-46DE-B31F-B433CEEA67EF}.Release|Any CPU.ActiveCfg = Release|Any CPU
		{88D4E0FD-4CE6-46DE-B31F-B433CEEA67EF}.Release|Any CPU.Build.0 = Release|Any CPU
		{E59EDC0A-92A2-42A9-A7DE-8A452B2F9CB7}.Debug|Any CPU.ActiveCfg = Debug|Any CPU
		{E59EDC0A-92A2-42A9-A7DE-8A452B2F9CB7}.Debug|Any CPU.Build.0 = Debug|Any CPU
		{E59EDC0A-92A2-42A9-A7DE-8A452B2F9CB7}.Release|Any CPU.ActiveCfg = Release|Any CPU
		{E59EDC0A-92A2-42A9-A7DE-8A452B2F9CB7}.Release|Any CPU.Build.0 = Release|Any CPU
		{7DB13463-9353-492E-981F-A18AEBE35E63}.Debug|Any CPU.ActiveCfg = Debug|Any CPU
		{7DB13463-9353-492E-981F-A18AEBE35E63}.Debug|Any CPU.Build.0 = Debug|Any CPU
		{7DB13463-9353-492E-981F-A18AEBE35E63}.Release|Any CPU.ActiveCfg = Release|Any CPU
		{7DB13463-9353-492E-981F-A18AEBE35E63}.Release|Any CPU.Build.0 = Release|Any CPU
		{22122C71-698C-4747-883D-BE49EAB3EF21}.Debug|Any CPU.ActiveCfg = Debug|Any CPU
		{22122C71-698C-4747-883D-BE49EAB3EF21}.Debug|Any CPU.Build.0 = Debug|Any CPU
		{22122C71-698C-4747-883D-BE49EAB3EF21}.Release|Any CPU.ActiveCfg = Release|Any CPU
		{22122C71-698C-4747-883D-BE49EAB3EF21}.Release|Any CPU.Build.0 = Release|Any CPU
		{B26535D7-168E-406F-8ED9-F454AA8DED1D}.Debug|Any CPU.ActiveCfg = Debug|Any CPU
		{B26535D7-168E-406F-8ED9-F454AA8DED1D}.Debug|Any CPU.Build.0 = Debug|Any CPU
		{B26535D7-168E-406F-8ED9-F454AA8DED1D}.Release|Any CPU.ActiveCfg = Release|Any CPU
		{B26535D7-168E-406F-8ED9-F454AA8DED1D}.Release|Any CPU.Build.0 = Release|Any CPU
		{96D7EF5A-D641-44D3-ADA5-BF342F5E5708}.Debug|Any CPU.ActiveCfg = Debug|Any CPU
		{96D7EF5A-D641-44D3-ADA5-BF342F5E5708}.Debug|Any CPU.Build.0 = Debug|Any CPU
		{96D7EF5A-D641-44D3-ADA5-BF342F5E5708}.Release|Any CPU.ActiveCfg = Release|Any CPU
		{96D7EF5A-D641-44D3-ADA5-BF342F5E5708}.Release|Any CPU.Build.0 = Release|Any CPU
		{09C45E0F-F41B-45D5-9884-637C071214DE}.Debug|Any CPU.ActiveCfg = Debug|Any CPU
		{09C45E0F-F41B-45D5-9884-637C071214DE}.Debug|Any CPU.Build.0 = Debug|Any CPU
		{09C45E0F-F41B-45D5-9884-637C071214DE}.Release|Any CPU.ActiveCfg = Release|Any CPU
		{09C45E0F-F41B-45D5-9884-637C071214DE}.Release|Any CPU.Build.0 = Release|Any CPU
		{B189C126-7216-4EF4-98F9-E41CF0E63C5A}.Debug|Any CPU.ActiveCfg = Debug|Any CPU
		{B189C126-7216-4EF4-98F9-E41CF0E63C5A}.Debug|Any CPU.Build.0 = Debug|Any CPU
		{B189C126-7216-4EF4-98F9-E41CF0E63C5A}.Release|Any CPU.ActiveCfg = Release|Any CPU
		{B189C126-7216-4EF4-98F9-E41CF0E63C5A}.Release|Any CPU.Build.0 = Release|Any CPU
		{F40ACF6A-E4F0-42BB-9E9A-92F0B966E7C1}.Debug|Any CPU.ActiveCfg = Debug|Any CPU
		{F40ACF6A-E4F0-42BB-9E9A-92F0B966E7C1}.Debug|Any CPU.Build.0 = Debug|Any CPU
		{F40ACF6A-E4F0-42BB-9E9A-92F0B966E7C1}.Release|Any CPU.ActiveCfg = Release|Any CPU
		{F40ACF6A-E4F0-42BB-9E9A-92F0B966E7C1}.Release|Any CPU.Build.0 = Release|Any CPU
		{D6494C15-ABE4-4F07-B557-6055CE5CF9DD}.Debug|Any CPU.ActiveCfg = Debug|Any CPU
		{D6494C15-ABE4-4F07-B557-6055CE5CF9DD}.Debug|Any CPU.Build.0 = Debug|Any CPU
		{D6494C15-ABE4-4F07-B557-6055CE5CF9DD}.Release|Any CPU.ActiveCfg = Release|Any CPU
		{D6494C15-ABE4-4F07-B557-6055CE5CF9DD}.Release|Any CPU.Build.0 = Release|Any CPU
		{C3D64141-1878-47FF-A33E-BC8CCA944F49}.Debug|Any CPU.ActiveCfg = Debug|Any CPU
		{C3D64141-1878-47FF-A33E-BC8CCA944F49}.Debug|Any CPU.Build.0 = Debug|Any CPU
		{C3D64141-1878-47FF-A33E-BC8CCA944F49}.Release|Any CPU.ActiveCfg = Release|Any CPU
		{C3D64141-1878-47FF-A33E-BC8CCA944F49}.Release|Any CPU.Build.0 = Release|Any CPU
		{2E2C77B5-1DA0-429D-878F-96ABCC2CE3A5}.Debug|Any CPU.ActiveCfg = Debug|Any CPU
		{2E2C77B5-1DA0-429D-878F-96ABCC2CE3A5}.Debug|Any CPU.Build.0 = Debug|Any CPU
		{2E2C77B5-1DA0-429D-878F-96ABCC2CE3A5}.Release|Any CPU.ActiveCfg = Release|Any CPU
		{2E2C77B5-1DA0-429D-878F-96ABCC2CE3A5}.Release|Any CPU.Build.0 = Release|Any CPU
		{88441B8A-1EC4-4750-8CA8-52B6E1A7FB8A}.Debug|Any CPU.ActiveCfg = Debug|Any CPU
		{88441B8A-1EC4-4750-8CA8-52B6E1A7FB8A}.Debug|Any CPU.Build.0 = Debug|Any CPU
		{88441B8A-1EC4-4750-8CA8-52B6E1A7FB8A}.Release|Any CPU.ActiveCfg = Release|Any CPU
		{88441B8A-1EC4-4750-8CA8-52B6E1A7FB8A}.Release|Any CPU.Build.0 = Release|Any CPU
		{0E4CF3F6-0688-45F9-A5F5-37D6749BFB75}.Debug|Any CPU.ActiveCfg = Debug|Any CPU
		{0E4CF3F6-0688-45F9-A5F5-37D6749BFB75}.Debug|Any CPU.Build.0 = Debug|Any CPU
		{0E4CF3F6-0688-45F9-A5F5-37D6749BFB75}.Release|Any CPU.ActiveCfg = Release|Any CPU
		{0E4CF3F6-0688-45F9-A5F5-37D6749BFB75}.Release|Any CPU.Build.0 = Release|Any CPU
		{E19791B7-C090-45EE-8134-8FDE82B8D4A2}.Debug|Any CPU.ActiveCfg = Debug|Any CPU
		{E19791B7-C090-45EE-8134-8FDE82B8D4A2}.Debug|Any CPU.Build.0 = Debug|Any CPU
		{E19791B7-C090-45EE-8134-8FDE82B8D4A2}.Release|Any CPU.ActiveCfg = Release|Any CPU
		{E19791B7-C090-45EE-8134-8FDE82B8D4A2}.Release|Any CPU.Build.0 = Release|Any CPU
		{6F641CEC-F9AE-4205-8D64-FBF2AF0CA2D9}.Debug|Any CPU.ActiveCfg = Debug|Any CPU
		{6F641CEC-F9AE-4205-8D64-FBF2AF0CA2D9}.Debug|Any CPU.Build.0 = Debug|Any CPU
		{6F641CEC-F9AE-4205-8D64-FBF2AF0CA2D9}.Release|Any CPU.ActiveCfg = Release|Any CPU
		{6F641CEC-F9AE-4205-8D64-FBF2AF0CA2D9}.Release|Any CPU.Build.0 = Release|Any CPU
		{837FD1A0-CFEC-413C-A572-6E50BC75E93D}.Debug|Any CPU.ActiveCfg = Debug|Any CPU
		{837FD1A0-CFEC-413C-A572-6E50BC75E93D}.Debug|Any CPU.Build.0 = Debug|Any CPU
		{837FD1A0-CFEC-413C-A572-6E50BC75E93D}.Release|Any CPU.ActiveCfg = Release|Any CPU
		{837FD1A0-CFEC-413C-A572-6E50BC75E93D}.Release|Any CPU.Build.0 = Release|Any CPU
		{969D4D90-CEAE-4496-99D4-2889783DF964}.Debug|Any CPU.ActiveCfg = Debug|Any CPU
		{969D4D90-CEAE-4496-99D4-2889783DF964}.Debug|Any CPU.Build.0 = Debug|Any CPU
		{969D4D90-CEAE-4496-99D4-2889783DF964}.Release|Any CPU.ActiveCfg = Release|Any CPU
		{969D4D90-CEAE-4496-99D4-2889783DF964}.Release|Any CPU.Build.0 = Release|Any CPU
		{957FE0EF-56C3-4FD0-A39C-A841BE73A82F}.Debug|Any CPU.ActiveCfg = Debug|Any CPU
		{957FE0EF-56C3-4FD0-A39C-A841BE73A82F}.Debug|Any CPU.Build.0 = Debug|Any CPU
		{957FE0EF-56C3-4FD0-A39C-A841BE73A82F}.Release|Any CPU.ActiveCfg = Release|Any CPU
		{957FE0EF-56C3-4FD0-A39C-A841BE73A82F}.Release|Any CPU.Build.0 = Release|Any CPU
		{388C7366-DAAA-49F9-8CA0-6B6D0B0901AA}.Debug|Any CPU.ActiveCfg = Debug|Any CPU
		{388C7366-DAAA-49F9-8CA0-6B6D0B0901AA}.Debug|Any CPU.Build.0 = Debug|Any CPU
		{388C7366-DAAA-49F9-8CA0-6B6D0B0901AA}.Release|Any CPU.ActiveCfg = Release|Any CPU
		{388C7366-DAAA-49F9-8CA0-6B6D0B0901AA}.Release|Any CPU.Build.0 = Release|Any CPU
		{615C9818-97D3-49FA-BC47-574110C6BB6B}.Debug|Any CPU.ActiveCfg = Debug|Any CPU
		{615C9818-97D3-49FA-BC47-574110C6BB6B}.Debug|Any CPU.Build.0 = Debug|Any CPU
		{615C9818-97D3-49FA-BC47-574110C6BB6B}.Release|Any CPU.ActiveCfg = Release|Any CPU
		{615C9818-97D3-49FA-BC47-574110C6BB6B}.Release|Any CPU.Build.0 = Release|Any CPU
		{70DE4AFD-5FB0-4409-8923-5451B4A9D895}.Debug|Any CPU.ActiveCfg = Debug|Any CPU
		{70DE4AFD-5FB0-4409-8923-5451B4A9D895}.Debug|Any CPU.Build.0 = Debug|Any CPU
		{70DE4AFD-5FB0-4409-8923-5451B4A9D895}.Release|Any CPU.ActiveCfg = Release|Any CPU
		{70DE4AFD-5FB0-4409-8923-5451B4A9D895}.Release|Any CPU.Build.0 = Release|Any CPU
		{5670147F-06A9-4014-A7EA-CE4846B7E3E2}.Debug|Any CPU.ActiveCfg = Debug|Any CPU
		{5670147F-06A9-4014-A7EA-CE4846B7E3E2}.Debug|Any CPU.Build.0 = Debug|Any CPU
		{5670147F-06A9-4014-A7EA-CE4846B7E3E2}.Release|Any CPU.ActiveCfg = Release|Any CPU
		{5670147F-06A9-4014-A7EA-CE4846B7E3E2}.Release|Any CPU.Build.0 = Release|Any CPU
		{FC4CD356-2D62-4854-88B1-C2548023FF8A}.Debug|Any CPU.ActiveCfg = Debug|Any CPU
		{FC4CD356-2D62-4854-88B1-C2548023FF8A}.Debug|Any CPU.Build.0 = Debug|Any CPU
		{FC4CD356-2D62-4854-88B1-C2548023FF8A}.Release|Any CPU.ActiveCfg = Release|Any CPU
		{FC4CD356-2D62-4854-88B1-C2548023FF8A}.Release|Any CPU.Build.0 = Release|Any CPU
		{24693A91-472F-4994-B36F-88F018E1224C}.Debug|Any CPU.ActiveCfg = Debug|Any CPU
		{24693A91-472F-4994-B36F-88F018E1224C}.Debug|Any CPU.Build.0 = Debug|Any CPU
		{24693A91-472F-4994-B36F-88F018E1224C}.Release|Any CPU.ActiveCfg = Release|Any CPU
		{24693A91-472F-4994-B36F-88F018E1224C}.Release|Any CPU.Build.0 = Release|Any CPU
		{42CED01C-A4E6-40BD-82DE-F4FEE4E8FAF9}.Debug|Any CPU.ActiveCfg = Debug|Any CPU
		{42CED01C-A4E6-40BD-82DE-F4FEE4E8FAF9}.Debug|Any CPU.Build.0 = Debug|Any CPU
		{42CED01C-A4E6-40BD-82DE-F4FEE4E8FAF9}.Release|Any CPU.ActiveCfg = Release|Any CPU
		{42CED01C-A4E6-40BD-82DE-F4FEE4E8FAF9}.Release|Any CPU.Build.0 = Release|Any CPU
		{CBAD7207-FC3D-4406-98CC-3F504F166BC5}.Debug|Any CPU.ActiveCfg = Debug|Any CPU
		{CBAD7207-FC3D-4406-98CC-3F504F166BC5}.Debug|Any CPU.Build.0 = Debug|Any CPU
		{CBAD7207-FC3D-4406-98CC-3F504F166BC5}.Release|Any CPU.ActiveCfg = Release|Any CPU
		{CBAD7207-FC3D-4406-98CC-3F504F166BC5}.Release|Any CPU.Build.0 = Release|Any CPU
		{A75DB5FF-3598-4465-AFE4-B3A53EA0E520}.Debug|Any CPU.ActiveCfg = Debug|Any CPU
		{A75DB5FF-3598-4465-AFE4-B3A53EA0E520}.Debug|Any CPU.Build.0 = Debug|Any CPU
		{A75DB5FF-3598-4465-AFE4-B3A53EA0E520}.Release|Any CPU.ActiveCfg = Release|Any CPU
		{A75DB5FF-3598-4465-AFE4-B3A53EA0E520}.Release|Any CPU.Build.0 = Release|Any CPU
		{765F838F-69DA-4267-AF83-C5039265903C}.Debug|Any CPU.ActiveCfg = Debug|Any CPU
		{765F838F-69DA-4267-AF83-C5039265903C}.Debug|Any CPU.Build.0 = Debug|Any CPU
		{765F838F-69DA-4267-AF83-C5039265903C}.Release|Any CPU.ActiveCfg = Release|Any CPU
		{765F838F-69DA-4267-AF83-C5039265903C}.Release|Any CPU.Build.0 = Release|Any CPU
		{25CFDCA1-1490-4DA5-92DE-0778E4D35349}.Debug|Any CPU.ActiveCfg = Debug|Any CPU
		{25CFDCA1-1490-4DA5-92DE-0778E4D35349}.Debug|Any CPU.Build.0 = Debug|Any CPU
		{25CFDCA1-1490-4DA5-92DE-0778E4D35349}.Release|Any CPU.ActiveCfg = Release|Any CPU
		{25CFDCA1-1490-4DA5-92DE-0778E4D35349}.Release|Any CPU.Build.0 = Release|Any CPU
		{F4CC0503-D784-42B9-979A-A745E742E915}.Debug|Any CPU.ActiveCfg = Debug|Any CPU
		{F4CC0503-D784-42B9-979A-A745E742E915}.Debug|Any CPU.Build.0 = Debug|Any CPU
		{F4CC0503-D784-42B9-979A-A745E742E915}.Release|Any CPU.ActiveCfg = Release|Any CPU
		{F4CC0503-D784-42B9-979A-A745E742E915}.Release|Any CPU.Build.0 = Release|Any CPU
		{32B29F0F-7382-4AC9-A29A-B5F8B88B70E7}.Debug|Any CPU.ActiveCfg = Debug|Any CPU
		{32B29F0F-7382-4AC9-A29A-B5F8B88B70E7}.Debug|Any CPU.Build.0 = Debug|Any CPU
		{32B29F0F-7382-4AC9-A29A-B5F8B88B70E7}.Release|Any CPU.ActiveCfg = Release|Any CPU
		{32B29F0F-7382-4AC9-A29A-B5F8B88B70E7}.Release|Any CPU.Build.0 = Release|Any CPU
		{9F06DFC4-85D2-4B95-9BC6-AEEFB497F86A}.Debug|Any CPU.ActiveCfg = Debug|Any CPU
		{9F06DFC4-85D2-4B95-9BC6-AEEFB497F86A}.Debug|Any CPU.Build.0 = Debug|Any CPU
		{9F06DFC4-85D2-4B95-9BC6-AEEFB497F86A}.Release|Any CPU.ActiveCfg = Release|Any CPU
		{9F06DFC4-85D2-4B95-9BC6-AEEFB497F86A}.Release|Any CPU.Build.0 = Release|Any CPU
		{09228310-9C77-42EB-8BFD-86AA882E03C2}.Debug|Any CPU.ActiveCfg = Debug|Any CPU
		{09228310-9C77-42EB-8BFD-86AA882E03C2}.Debug|Any CPU.Build.0 = Debug|Any CPU
		{09228310-9C77-42EB-8BFD-86AA882E03C2}.Release|Any CPU.ActiveCfg = Release|Any CPU
		{09228310-9C77-42EB-8BFD-86AA882E03C2}.Release|Any CPU.Build.0 = Release|Any CPU
		{40B6F8AB-9C84-4B32-88EB-2FBB488288B3}.Debug|Any CPU.ActiveCfg = Debug|Any CPU
		{40B6F8AB-9C84-4B32-88EB-2FBB488288B3}.Debug|Any CPU.Build.0 = Debug|Any CPU
		{40B6F8AB-9C84-4B32-88EB-2FBB488288B3}.Release|Any CPU.ActiveCfg = Release|Any CPU
		{40B6F8AB-9C84-4B32-88EB-2FBB488288B3}.Release|Any CPU.Build.0 = Release|Any CPU
		{6A7DE6CE-2A45-405A-A534-B45F7E4D02D5}.Debug|Any CPU.ActiveCfg = Debug|Any CPU
		{6A7DE6CE-2A45-405A-A534-B45F7E4D02D5}.Debug|Any CPU.Build.0 = Debug|Any CPU
		{6A7DE6CE-2A45-405A-A534-B45F7E4D02D5}.Release|Any CPU.ActiveCfg = Release|Any CPU
		{6A7DE6CE-2A45-405A-A534-B45F7E4D02D5}.Release|Any CPU.Build.0 = Release|Any CPU
		{C5706D40-6CE1-44FA-BA80-21A26083DF91}.Debug|Any CPU.ActiveCfg = Debug|Any CPU
		{C5706D40-6CE1-44FA-BA80-21A26083DF91}.Debug|Any CPU.Build.0 = Debug|Any CPU
		{C5706D40-6CE1-44FA-BA80-21A26083DF91}.Release|Any CPU.ActiveCfg = Release|Any CPU
		{C5706D40-6CE1-44FA-BA80-21A26083DF91}.Release|Any CPU.Build.0 = Release|Any CPU
		{2595B338-34C6-44A6-935B-3A7965F6DCE0}.Debug|Any CPU.ActiveCfg = Debug|Any CPU
		{2595B338-34C6-44A6-935B-3A7965F6DCE0}.Debug|Any CPU.Build.0 = Debug|Any CPU
		{2595B338-34C6-44A6-935B-3A7965F6DCE0}.Release|Any CPU.ActiveCfg = Release|Any CPU
		{2595B338-34C6-44A6-935B-3A7965F6DCE0}.Release|Any CPU.Build.0 = Release|Any CPU
		{72802AC0-BCBF-4B8F-AF3A-3A539803D9A9}.Debug|Any CPU.ActiveCfg = Debug|Any CPU
		{72802AC0-BCBF-4B8F-AF3A-3A539803D9A9}.Debug|Any CPU.Build.0 = Debug|Any CPU
		{72802AC0-BCBF-4B8F-AF3A-3A539803D9A9}.Release|Any CPU.ActiveCfg = Release|Any CPU
		{72802AC0-BCBF-4B8F-AF3A-3A539803D9A9}.Release|Any CPU.Build.0 = Release|Any CPU
		{DDA29354-5D4C-4C85-881E-89B7B0B80654}.Debug|Any CPU.ActiveCfg = Debug|Any CPU
		{DDA29354-5D4C-4C85-881E-89B7B0B80654}.Debug|Any CPU.Build.0 = Debug|Any CPU
		{DDA29354-5D4C-4C85-881E-89B7B0B80654}.Release|Any CPU.ActiveCfg = Release|Any CPU
		{DDA29354-5D4C-4C85-881E-89B7B0B80654}.Release|Any CPU.Build.0 = Release|Any CPU
		{BB0FD2EB-446A-41E2-B7A3-E6A0131E82C9}.Debug|Any CPU.ActiveCfg = Debug|Any CPU
		{BB0FD2EB-446A-41E2-B7A3-E6A0131E82C9}.Debug|Any CPU.Build.0 = Debug|Any CPU
		{BB0FD2EB-446A-41E2-B7A3-E6A0131E82C9}.Release|Any CPU.ActiveCfg = Release|Any CPU
		{BB0FD2EB-446A-41E2-B7A3-E6A0131E82C9}.Release|Any CPU.Build.0 = Release|Any CPU
		{CD626660-88D2-48C0-A316-B20E923CECA3}.Debug|Any CPU.ActiveCfg = Debug|Any CPU
		{CD626660-88D2-48C0-A316-B20E923CECA3}.Debug|Any CPU.Build.0 = Debug|Any CPU
		{CD626660-88D2-48C0-A316-B20E923CECA3}.Release|Any CPU.ActiveCfg = Release|Any CPU
		{CD626660-88D2-48C0-A316-B20E923CECA3}.Release|Any CPU.Build.0 = Release|Any CPU
		{63837049-9A39-4D8A-963C-40EA38BBAA3F}.Debug|Any CPU.ActiveCfg = Debug|Any CPU
		{63837049-9A39-4D8A-963C-40EA38BBAA3F}.Debug|Any CPU.Build.0 = Debug|Any CPU
		{63837049-9A39-4D8A-963C-40EA38BBAA3F}.Release|Any CPU.ActiveCfg = Release|Any CPU
		{63837049-9A39-4D8A-963C-40EA38BBAA3F}.Release|Any CPU.Build.0 = Release|Any CPU
		{EB11C2FF-1D0F-4F1B-9A26-07A3C7DB6F03}.Debug|Any CPU.ActiveCfg = Debug|Any CPU
		{EB11C2FF-1D0F-4F1B-9A26-07A3C7DB6F03}.Debug|Any CPU.Build.0 = Debug|Any CPU
		{EB11C2FF-1D0F-4F1B-9A26-07A3C7DB6F03}.Release|Any CPU.ActiveCfg = Release|Any CPU
		{EB11C2FF-1D0F-4F1B-9A26-07A3C7DB6F03}.Release|Any CPU.Build.0 = Release|Any CPU
		{6BF1466A-5FF2-4436-B3E3-21CB4750270F}.Debug|Any CPU.ActiveCfg = Debug|Any CPU
		{6BF1466A-5FF2-4436-B3E3-21CB4750270F}.Debug|Any CPU.Build.0 = Debug|Any CPU
		{6BF1466A-5FF2-4436-B3E3-21CB4750270F}.Release|Any CPU.ActiveCfg = Release|Any CPU
		{6BF1466A-5FF2-4436-B3E3-21CB4750270F}.Release|Any CPU.Build.0 = Release|Any CPU
		{C7B18D7D-170C-45EF-B638-F24982A6F0E5}.Debug|Any CPU.ActiveCfg = Debug|Any CPU
		{C7B18D7D-170C-45EF-B638-F24982A6F0E5}.Debug|Any CPU.Build.0 = Debug|Any CPU
		{C7B18D7D-170C-45EF-B638-F24982A6F0E5}.Release|Any CPU.ActiveCfg = Release|Any CPU
		{C7B18D7D-170C-45EF-B638-F24982A6F0E5}.Release|Any CPU.Build.0 = Release|Any CPU
		{88FE31A9-CA59-4131-B999-5A3979753E46}.Debug|Any CPU.ActiveCfg = Debug|Any CPU
		{88FE31A9-CA59-4131-B999-5A3979753E46}.Debug|Any CPU.Build.0 = Debug|Any CPU
		{88FE31A9-CA59-4131-B999-5A3979753E46}.Release|Any CPU.ActiveCfg = Release|Any CPU
		{88FE31A9-CA59-4131-B999-5A3979753E46}.Release|Any CPU.Build.0 = Release|Any CPU
		{4326CC16-9D6C-43C4-B667-F1EF502A0F6D}.Debug|Any CPU.ActiveCfg = Debug|Any CPU
		{4326CC16-9D6C-43C4-B667-F1EF502A0F6D}.Debug|Any CPU.Build.0 = Debug|Any CPU
		{4326CC16-9D6C-43C4-B667-F1EF502A0F6D}.Release|Any CPU.ActiveCfg = Release|Any CPU
		{4326CC16-9D6C-43C4-B667-F1EF502A0F6D}.Release|Any CPU.Build.0 = Release|Any CPU
	EndGlobalSection
	GlobalSection(SolutionProperties) = preSolution
		HideSolutionNode = FALSE
	EndGlobalSection
	GlobalSection(ExtensibilityGlobals) = postSolution
		SolutionGuid = {E451449D-DE86-4CE2-96EC-2062B0118876}
	EndGlobalSection
EndGlobal
